
Microsoft Visual Studio Solution File, Format Version 12.00
# Visual Studio Version 16
VisualStudioVersion = 16.0.29911.84
MinimumVisualStudioVersion = 10.0.40219.1
Project("{FAE04EC0-301F-11D3-BF4B-00C04F79EFBC}") = "TestWPPL", "TestWPPL\TestWPPL.csproj", "{449F8A72-F7D8-4AEF-B2A3-D3D5B37FFED8}"
EndProject
Global
	GlobalSection(SolutionConfigurationPlatforms) = preSolution
		Debug|Any CPU = Debug|Any CPU
		Release|Any CPU = Release|Any CPU
	EndGlobalSection
	GlobalSection(ProjectConfigurationPlatforms) = postSolution
		{449F8A72-F7D8-4AEF-B2A3-D3D5B37FFED8}.Debug|Any CPU.ActiveCfg = Debug|Any CPU
		{449F8A72-F7D8-4AEF-B2A3-D3D5B37FFED8}.Debug|Any CPU.Build.0 = Debug|Any CPU
		{449F8A72-F7D8-4AEF-B2A3-D3D5B37FFED8}.Release|Any CPU.ActiveCfg = Release|Any CPU
		{449F8A72-F7D8-4AEF-B2A3-D3D5B37FFED8}.Release|Any CPU.Build.0 = Release|Any CPU
	EndGlobalSection
	GlobalSection(SolutionProperties) = preSolution
		HideSolutionNode = FALSE
	EndGlobalSection
	GlobalSection(ExtensibilityGlobals) = postSolution
		SolutionGuid = {A5A76151-EAC3-4AAA-81E0-35A28BF1B89C}
	EndGlobalSection
EndGlobal
